
Microsoft Visual Studio Solution File, Format Version 12.00
# Visual Studio Version 17
VisualStudioVersion = 17.11.35219.272
MinimumVisualStudioVersion = 10.0.40219.1
Project("{FAE04EC0-301F-11D3-BF4B-00C04F79EFBC}") = "FinalPract", "FinalPract\FinalPract.csproj", "{68CAB46A-2994-444E-80B3-081B14CA483C}"
EndProject
Global
	GlobalSection(SolutionConfigurationPlatforms) = preSolution
		Debug|Any CPU = Debug|Any CPU
		Release|Any CPU = Release|Any CPU
	EndGlobalSection
	GlobalSection(ProjectConfigurationPlatforms) = postSolution
		{68CAB46A-2994-444E-80B3-081B14CA483C}.Debug|Any CPU.ActiveCfg = Debug|Any CPU
		{68CAB46A-2994-444E-80B3-081B14CA483C}.Debug|Any CPU.Build.0 = Debug|Any CPU
		{68CAB46A-2994-444E-80B3-081B14CA483C}.Release|Any CPU.ActiveCfg = Release|Any CPU
		{68CAB46A-2994-444E-80B3-081B14CA483C}.Release|Any CPU.Build.0 = Release|Any CPU
	EndGlobalSection
	GlobalSection(SolutionProperties) = preSolution
		HideSolutionNode = FALSE
	EndGlobalSection
	GlobalSection(ExtensibilityGlobals) = postSolution
		SolutionGuid = {008F6753-3918-4926-9AAB-88E39B9E605C}
	EndGlobalSection
EndGlobal
